
Microsoft Visual Studio Solution File, Format Version 12.00
# Visual Studio Version 16
VisualStudioVersion = 25.0.1706.1
MinimumVisualStudioVersion = 10.0.40219.1
Project("{FAE04EC0-301F-11D3-BF4B-00C04F79EFBC}") = "api", "api.csproj", "{BE24F55B-7DF0-4FD7-B5B5-E519E4299D9B}"
EndProject
Global
	GlobalSection(SolutionConfigurationPlatforms) = preSolution
		Debug|Any CPU = Debug|Any CPU
		Release|Any CPU = Release|Any CPU
	EndGlobalSection
	GlobalSection(ProjectConfigurationPlatforms) = postSolution
		{BE24F55B-7DF0-4FD7-B5B5-E519E4299D9B}.Debug|Any CPU.ActiveCfg = Debug|Any CPU
		{BE24F55B-7DF0-4FD7-B5B5-E519E4299D9B}.Debug|Any CPU.Build.0 = Debug|Any CPU
		{BE24F55B-7DF0-4FD7-B5B5-E519E4299D9B}.Release|Any CPU.ActiveCfg = Release|Any CPU
		{BE24F55B-7DF0-4FD7-B5B5-E519E4299D9B}.Release|Any CPU.Build.0 = Release|Any CPU
	EndGlobalSection
	GlobalSection(SolutionProperties) = preSolution
		HideSolutionNode = FALSE
	EndGlobalSection
	GlobalSection(ExtensibilityGlobals) = postSolution
		SolutionGuid = {13335B34-C76B-4063-899B-CF367FB77B98}
	EndGlobalSection
EndGlobal
